// !$*UTF8*$!
{
	archiveVersion = 1;
	classes = {
	};
	objectVersion = 56;
	objects = {

/* Begin PBXBuildFile section */
		B52BCDC428BD02C000CB8405 /* Categories in Frameworks */ = {isa = PBXBuildFile; productRef = B52BCDC328BD02C000CB8405 /* Categories */; };
		B52BCDC628BD055600CB8405 /* Models in Frameworks */ = {isa = PBXBuildFile; productRef = B52BCDC528BD055600CB8405 /* Models */; };
		B52BCDCA28BD097400CB8405 /* SharedUI in Frameworks */ = {isa = PBXBuildFile; productRef = B52BCDC928BD097400CB8405 /* SharedUI */; };
		B52BCDCC28BD0CDA00CB8405 /* Schedules in Frameworks */ = {isa = PBXBuildFile; productRef = B52BCDCB28BD0CDA00CB8405 /* Schedules */; };
		B52BCDCE28BD0DE500CB8405 /* Activity in Frameworks */ = {isa = PBXBuildFile; productRef = B52BCDCD28BD0DE500CB8405 /* Activity */; };
		B52BCDD028BD13AB00CB8405 /* Extensions in Frameworks */ = {isa = PBXBuildFile; productRef = B52BCDCF28BD13AB00CB8405 /* Extensions */; };
		B52BCDD228BD18D600CB8405 /* FileManagement in Frameworks */ = {isa = PBXBuildFile; productRef = B52BCDD128BD18D600CB8405 /* FileManagement */; };
		B57014D9289FD5DE00B17EA4 /* TimeTrackerApp.swift in Sources */ = {isa = PBXBuildFile; fileRef = B57014D8289FD5DE00B17EA4 /* TimeTrackerApp.swift */; };
		B57014DB289FD5DE00B17EA4 /* ContentView.swift in Sources */ = {isa = PBXBuildFile; fileRef = B57014DA289FD5DE00B17EA4 /* ContentView.swift */; };
		B57014DD289FD5DF00B17EA4 /* Assets.xcassets in Resources */ = {isa = PBXBuildFile; fileRef = B57014DC289FD5DF00B17EA4 /* Assets.xcassets */; };
		B57014E1289FD5DF00B17EA4 /* Preview Assets.xcassets in Resources */ = {isa = PBXBuildFile; fileRef = B57014E0289FD5DF00B17EA4 /* Preview Assets.xcassets */; };
		B57014EB289FD5DF00B17EA4 /* TimeTrackerTests.swift in Sources */ = {isa = PBXBuildFile; fileRef = B57014EA289FD5DF00B17EA4 /* TimeTrackerTests.swift */; };
		B5D34AD9289FE6A300477111 /* Localizable.strings in Resources */ = {isa = PBXBuildFile; fileRef = B5D34ADB289FE6A300477111 /* Localizable.strings */; };
/* End PBXBuildFile section */

/* Begin PBXContainerItemProxy section */
		B57014E7289FD5DF00B17EA4 /* PBXContainerItemProxy */ = {
			isa = PBXContainerItemProxy;
			containerPortal = B57014CD289FD5DE00B17EA4 /* Project object */;
			proxyType = 1;
			remoteGlobalIDString = B57014D4289FD5DE00B17EA4;
			remoteInfo = TimeTracker;
		};
/* End PBXContainerItemProxy section */

/* Begin PBXFileReference section */
		B52BCDC128BD012E00CB8405 /* Modules */ = {isa = PBXFileReference; lastKnownFileType = wrapper; path = Modules; sourceTree = "<group>"; };
		B57014D5289FD5DE00B17EA4 /* TimeTracker.app */ = {isa = PBXFileReference; explicitFileType = wrapper.application; includeInIndex = 0; path = TimeTracker.app; sourceTree = BUILT_PRODUCTS_DIR; };
		B57014D8289FD5DE00B17EA4 /* TimeTrackerApp.swift */ = {isa = PBXFileReference; lastKnownFileType = sourcecode.swift; path = TimeTrackerApp.swift; sourceTree = "<group>"; };
		B57014DA289FD5DE00B17EA4 /* ContentView.swift */ = {isa = PBXFileReference; lastKnownFileType = sourcecode.swift; path = ContentView.swift; sourceTree = "<group>"; };
		B57014DC289FD5DF00B17EA4 /* Assets.xcassets */ = {isa = PBXFileReference; lastKnownFileType = folder.assetcatalog; path = Assets.xcassets; sourceTree = "<group>"; };
		B57014DE289FD5DF00B17EA4 /* TimeTracker.entitlements */ = {isa = PBXFileReference; lastKnownFileType = text.plist.entitlements; path = TimeTracker.entitlements; sourceTree = "<group>"; };
		B57014E0289FD5DF00B17EA4 /* Preview Assets.xcassets */ = {isa = PBXFileReference; lastKnownFileType = folder.assetcatalog; path = "Preview Assets.xcassets"; sourceTree = "<group>"; };
		B57014E6289FD5DF00B17EA4 /* TimeTrackerTests.xctest */ = {isa = PBXFileReference; explicitFileType = wrapper.cfbundle; includeInIndex = 0; path = TimeTrackerTests.xctest; sourceTree = BUILT_PRODUCTS_DIR; };
		B57014EA289FD5DF00B17EA4 /* TimeTrackerTests.swift */ = {isa = PBXFileReference; lastKnownFileType = sourcecode.swift; path = TimeTrackerTests.swift; sourceTree = "<group>"; };
		B5D34ADA289FE6A300477111 /* en */ = {isa = PBXFileReference; lastKnownFileType = text.plist.strings; name = en; path = en.lproj/Localizable.strings; sourceTree = "<group>"; };
/* End PBXFileReference section */

/* Begin PBXFrameworksBuildPhase section */
		B57014D2289FD5DE00B17EA4 /* Frameworks */ = {
			isa = PBXFrameworksBuildPhase;
			buildActionMask = 2147483647;
			files = (
				B52BCDCC28BD0CDA00CB8405 /* Schedules in Frameworks */,
				B52BCDCE28BD0DE500CB8405 /* Activity in Frameworks */,
				B52BCDC628BD055600CB8405 /* Models in Frameworks */,
				B52BCDD228BD18D600CB8405 /* FileManagement in Frameworks */,
				B52BCDCA28BD097400CB8405 /* SharedUI in Frameworks */,
				B52BCDD028BD13AB00CB8405 /* Extensions in Frameworks */,
				B52BCDC428BD02C000CB8405 /* Categories in Frameworks */,
			);
			runOnlyForDeploymentPostprocessing = 0;
		};
		B57014E3289FD5DF00B17EA4 /* Frameworks */ = {
			isa = PBXFrameworksBuildPhase;
			buildActionMask = 2147483647;
			files = (
			);
			runOnlyForDeploymentPostprocessing = 0;
		};
/* End PBXFrameworksBuildPhase section */

/* Begin PBXGroup section */
		B52BCDC228BD02C000CB8405 /* Frameworks */ = {
			isa = PBXGroup;
			children = (
			);
			name = Frameworks;
			sourceTree = "<group>";
		};
		B57014CC289FD5DE00B17EA4 = {
			isa = PBXGroup;
			children = (
				B52BCDC128BD012E00CB8405 /* Modules */,
				B5D34AD6289FE68300477111 /* Resources */,
				B57014D7289FD5DE00B17EA4 /* TimeTracker */,
				B57014E9289FD5DF00B17EA4 /* TimeTrackerTests */,
				B57014D6289FD5DE00B17EA4 /* Products */,
				B52BCDC228BD02C000CB8405 /* Frameworks */,
			);
			sourceTree = "<group>";
		};
		B57014D6289FD5DE00B17EA4 /* Products */ = {
			isa = PBXGroup;
			children = (
				B57014D5289FD5DE00B17EA4 /* TimeTracker.app */,
				B57014E6289FD5DF00B17EA4 /* TimeTrackerTests.xctest */,
			);
			name = Products;
			sourceTree = "<group>";
		};
		B57014D7289FD5DE00B17EA4 /* TimeTracker */ = {
			isa = PBXGroup;
			children = (
				B57014DA289FD5DE00B17EA4 /* ContentView.swift */,
				B57014DF289FD5DF00B17EA4 /* Preview Content */,
				B57014DE289FD5DF00B17EA4 /* TimeTracker.entitlements */,
				B57014D8289FD5DE00B17EA4 /* TimeTrackerApp.swift */,
			);
			path = TimeTracker;
			sourceTree = "<group>";
		};
		B57014DF289FD5DF00B17EA4 /* Preview Content */ = {
			isa = PBXGroup;
			children = (
				B57014E0289FD5DF00B17EA4 /* Preview Assets.xcassets */,
			);
			path = "Preview Content";
			sourceTree = "<group>";
		};
		B57014E9289FD5DF00B17EA4 /* TimeTrackerTests */ = {
			isa = PBXGroup;
			children = (
				B57014EA289FD5DF00B17EA4 /* TimeTrackerTests.swift */,
			);
			path = TimeTrackerTests;
			sourceTree = "<group>";
		};
		B5D34AD6289FE68300477111 /* Resources */ = {
			isa = PBXGroup;
			children = (
				B57014DC289FD5DF00B17EA4 /* Assets.xcassets */,
				B5D34ADB289FE6A300477111 /* Localizable.strings */,
			);
			path = Resources;
			sourceTree = "<group>";
		};
/* End PBXGroup section */

/* Begin PBXNativeTarget section */
		B57014D4289FD5DE00B17EA4 /* TimeTracker */ = {
			isa = PBXNativeTarget;
			buildConfigurationList = B57014FA289FD5DF00B17EA4 /* Build configuration list for PBXNativeTarget "TimeTracker" */;
			buildPhases = (
				B57014D1289FD5DE00B17EA4 /* Sources */,
				B57014D2289FD5DE00B17EA4 /* Frameworks */,
				B57014D3289FD5DE00B17EA4 /* Resources */,
			);
			buildRules = (
			);
			dependencies = (
			);
			name = TimeTracker;
			packageProductDependencies = (
				B52BCDC328BD02C000CB8405 /* Categories */,
				B52BCDC528BD055600CB8405 /* Models */,
				B52BCDC928BD097400CB8405 /* SharedUI */,
				B52BCDCB28BD0CDA00CB8405 /* Schedules */,
				B52BCDCD28BD0DE500CB8405 /* Activity */,
				B52BCDCF28BD13AB00CB8405 /* Extensions */,
				B52BCDD128BD18D600CB8405 /* FileManagement */,
			);
			productName = TimeTracker;
			productReference = B57014D5289FD5DE00B17EA4 /* TimeTracker.app */;
			productType = "com.apple.product-type.application";
		};
		B57014E5289FD5DF00B17EA4 /* TimeTrackerTests */ = {
			isa = PBXNativeTarget;
			buildConfigurationList = B57014FD289FD5DF00B17EA4 /* Build configuration list for PBXNativeTarget "TimeTrackerTests" */;
			buildPhases = (
				B57014E2289FD5DF00B17EA4 /* Sources */,
				B57014E3289FD5DF00B17EA4 /* Frameworks */,
				B57014E4289FD5DF00B17EA4 /* Resources */,
			);
			buildRules = (
			);
			dependencies = (
				B57014E8289FD5DF00B17EA4 /* PBXTargetDependency */,
			);
			name = TimeTrackerTests;
			productName = TimeTrackerTests;
			productReference = B57014E6289FD5DF00B17EA4 /* TimeTrackerTests.xctest */;
			productType = "com.apple.product-type.bundle.unit-test";
		};
/* End PBXNativeTarget section */

/* Begin PBXProject section */
		B57014CD289FD5DE00B17EA4 /* Project object */ = {
			isa = PBXProject;
			attributes = {
				BuildIndependentTargetsInParallel = 1;
				LastSwiftUpdateCheck = 1400;
				LastUpgradeCheck = 1400;
				TargetAttributes = {
					B57014D4289FD5DE00B17EA4 = {
						CreatedOnToolsVersion = 14.0;
					};
					B57014E5289FD5DF00B17EA4 = {
						CreatedOnToolsVersion = 14.0;
						TestTargetID = B57014D4289FD5DE00B17EA4;
					};
				};
			};
			buildConfigurationList = B57014D0289FD5DE00B17EA4 /* Build configuration list for PBXProject "TimeTracker" */;
			compatibilityVersion = "Xcode 14.0";
			developmentRegion = en;
			hasScannedForEncodings = 0;
			knownRegions = (
				en,
				Base,
			);
			mainGroup = B57014CC289FD5DE00B17EA4;
			productRefGroup = B57014D6289FD5DE00B17EA4 /* Products */;
			projectDirPath = "";
			projectRoot = "";
			targets = (
				B57014D4289FD5DE00B17EA4 /* TimeTracker */,
				B57014E5289FD5DF00B17EA4 /* TimeTrackerTests */,
			);
		};
/* End PBXProject section */

/* Begin PBXResourcesBuildPhase section */
		B57014D3289FD5DE00B17EA4 /* Resources */ = {
			isa = PBXResourcesBuildPhase;
			buildActionMask = 2147483647;
			files = (
				B57014E1289FD5DF00B17EA4 /* Preview Assets.xcassets in Resources */,
				B5D34AD9289FE6A300477111 /* Localizable.strings in Resources */,
				B57014DD289FD5DF00B17EA4 /* Assets.xcassets in Resources */,
			);
			runOnlyForDeploymentPostprocessing = 0;
		};
		B57014E4289FD5DF00B17EA4 /* Resources */ = {
			isa = PBXResourcesBuildPhase;
			buildActionMask = 2147483647;
			files = (
			);
			runOnlyForDeploymentPostprocessing = 0;
		};
/* End PBXResourcesBuildPhase section */

/* Begin PBXSourcesBuildPhase section */
		B57014D1289FD5DE00B17EA4 /* Sources */ = {
			isa = PBXSourcesBuildPhase;
			buildActionMask = 2147483647;
			files = (
				B57014DB289FD5DE00B17EA4 /* ContentView.swift in Sources */,
				B57014D9289FD5DE00B17EA4 /* TimeTrackerApp.swift in Sources */,
			);
			runOnlyForDeploymentPostprocessing = 0;
		};
		B57014E2289FD5DF00B17EA4 /* Sources */ = {
			isa = PBXSourcesBuildPhase;
			buildActionMask = 2147483647;
			files = (
				B57014EB289FD5DF00B17EA4 /* TimeTrackerTests.swift in Sources */,
			);
			runOnlyForDeploymentPostprocessing = 0;
		};
/* End PBXSourcesBuildPhase section */

/* Begin PBXTargetDependency section */
		B57014E8289FD5DF00B17EA4 /* PBXTargetDependency */ = {
			isa = PBXTargetDependency;
			target = B57014D4289FD5DE00B17EA4 /* TimeTracker */;
			targetProxy = B57014E7289FD5DF00B17EA4 /* PBXContainerItemProxy */;
		};
/* End PBXTargetDependency section */

/* Begin PBXVariantGroup section */
		B5D34ADB289FE6A300477111 /* Localizable.strings */ = {
			isa = PBXVariantGroup;
			children = (
				B5D34ADA289FE6A300477111 /* en */,
			);
			name = Localizable.strings;
			sourceTree = "<group>";
		};
/* End PBXVariantGroup section */

/* Begin XCBuildConfiguration section */
		B57014F8289FD5DF00B17EA4 /* Debug */ = {
			isa = XCBuildConfiguration;
			buildSettings = {
				ALWAYS_SEARCH_USER_PATHS = NO;
				CLANG_ANALYZER_NONNULL = YES;
				CLANG_ANALYZER_NUMBER_OBJECT_CONVERSION = YES_AGGRESSIVE;
				CLANG_CXX_LANGUAGE_STANDARD = "gnu++20";
				CLANG_ENABLE_MODULES = YES;
				CLANG_ENABLE_OBJC_ARC = YES;
				CLANG_ENABLE_OBJC_WEAK = YES;
				CLANG_WARN_BLOCK_CAPTURE_AUTORELEASING = YES;
				CLANG_WARN_BOOL_CONVERSION = YES;
				CLANG_WARN_COMMA = YES;
				CLANG_WARN_CONSTANT_CONVERSION = YES;
				CLANG_WARN_DEPRECATED_OBJC_IMPLEMENTATIONS = YES;
				CLANG_WARN_DIRECT_OBJC_ISA_USAGE = YES_ERROR;
				CLANG_WARN_DOCUMENTATION_COMMENTS = YES;
				CLANG_WARN_EMPTY_BODY = YES;
				CLANG_WARN_ENUM_CONVERSION = YES;
				CLANG_WARN_INFINITE_RECURSION = YES;
				CLANG_WARN_INT_CONVERSION = YES;
				CLANG_WARN_NON_LITERAL_NULL_CONVERSION = YES;
				CLANG_WARN_OBJC_IMPLICIT_RETAIN_SELF = YES;
				CLANG_WARN_OBJC_LITERAL_CONVERSION = YES;
				CLANG_WARN_OBJC_ROOT_CLASS = YES_ERROR;
				CLANG_WARN_QUOTED_INCLUDE_IN_FRAMEWORK_HEADER = YES;
				CLANG_WARN_RANGE_LOOP_ANALYSIS = YES;
				CLANG_WARN_STRICT_PROTOTYPES = YES;
				CLANG_WARN_SUSPICIOUS_MOVE = YES;
				CLANG_WARN_UNGUARDED_AVAILABILITY = YES_AGGRESSIVE;
				CLANG_WARN_UNREACHABLE_CODE = YES;
				CLANG_WARN__DUPLICATE_METHOD_MATCH = YES;
				COPY_PHASE_STRIP = NO;
				DEBUG_INFORMATION_FORMAT = dwarf;
				ENABLE_STRICT_OBJC_MSGSEND = YES;
				ENABLE_TESTABILITY = YES;
				GCC_C_LANGUAGE_STANDARD = gnu11;
				GCC_DYNAMIC_NO_PIC = NO;
				GCC_NO_COMMON_BLOCKS = YES;
				GCC_OPTIMIZATION_LEVEL = 0;
				GCC_PREPROCESSOR_DEFINITIONS = (
					"DEBUG=1",
					"$(inherited)",
				);
				GCC_WARN_64_TO_32_BIT_CONVERSION = YES;
				GCC_WARN_ABOUT_RETURN_TYPE = YES_ERROR;
				GCC_WARN_UNDECLARED_SELECTOR = YES;
				GCC_WARN_UNINITIALIZED_AUTOS = YES_AGGRESSIVE;
				GCC_WARN_UNUSED_FUNCTION = YES;
				GCC_WARN_UNUSED_VARIABLE = YES;
				IPHONEOS_DEPLOYMENT_TARGET = 16.0;
				MACOSX_DEPLOYMENT_TARGET = 12.4;
				MTL_ENABLE_DEBUG_INFO = INCLUDE_SOURCE;
				MTL_FAST_MATH = YES;
				ONLY_ACTIVE_ARCH = YES;
				SWIFT_ACTIVE_COMPILATION_CONDITIONS = DEBUG;
				SWIFT_OPTIMIZATION_LEVEL = "-Onone";
			};
			name = Debug;
		};
		B57014F9289FD5DF00B17EA4 /* Release */ = {
			isa = XCBuildConfiguration;
			buildSettings = {
				ALWAYS_SEARCH_USER_PATHS = NO;
				CLANG_ANALYZER_NONNULL = YES;
				CLANG_ANALYZER_NUMBER_OBJECT_CONVERSION = YES_AGGRESSIVE;
				CLANG_CXX_LANGUAGE_STANDARD = "gnu++20";
				CLANG_ENABLE_MODULES = YES;
				CLANG_ENABLE_OBJC_ARC = YES;
				CLANG_ENABLE_OBJC_WEAK = YES;
				CLANG_WARN_BLOCK_CAPTURE_AUTORELEASING = YES;
				CLANG_WARN_BOOL_CONVERSION = YES;
				CLANG_WARN_COMMA = YES;
				CLANG_WARN_CONSTANT_CONVERSION = YES;
				CLANG_WARN_DEPRECATED_OBJC_IMPLEMENTATIONS = YES;
				CLANG_WARN_DIRECT_OBJC_ISA_USAGE = YES_ERROR;
				CLANG_WARN_DOCUMENTATION_COMMENTS = YES;
				CLANG_WARN_EMPTY_BODY = YES;
				CLANG_WARN_ENUM_CONVERSION = YES;
				CLANG_WARN_INFINITE_RECURSION = YES;
				CLANG_WARN_INT_CONVERSION = YES;
				CLANG_WARN_NON_LITERAL_NULL_CONVERSION = YES;
				CLANG_WARN_OBJC_IMPLICIT_RETAIN_SELF = YES;
				CLANG_WARN_OBJC_LITERAL_CONVERSION = YES;
				CLANG_WARN_OBJC_ROOT_CLASS = YES_ERROR;
				CLANG_WARN_QUOTED_INCLUDE_IN_FRAMEWORK_HEADER = YES;
				CLANG_WARN_RANGE_LOOP_ANALYSIS = YES;
				CLANG_WARN_STRICT_PROTOTYPES = YES;
				CLANG_WARN_SUSPICIOUS_MOVE = YES;
				CLANG_WARN_UNGUARDED_AVAILABILITY = YES_AGGRESSIVE;
				CLANG_WARN_UNREACHABLE_CODE = YES;
				CLANG_WARN__DUPLICATE_METHOD_MATCH = YES;
				COPY_PHASE_STRIP = NO;
				DEBUG_INFORMATION_FORMAT = "dwarf-with-dsym";
				ENABLE_NS_ASSERTIONS = NO;
				ENABLE_STRICT_OBJC_MSGSEND = YES;
				GCC_C_LANGUAGE_STANDARD = gnu11;
				GCC_NO_COMMON_BLOCKS = YES;
				GCC_WARN_64_TO_32_BIT_CONVERSION = YES;
				GCC_WARN_ABOUT_RETURN_TYPE = YES_ERROR;
				GCC_WARN_UNDECLARED_SELECTOR = YES;
				GCC_WARN_UNINITIALIZED_AUTOS = YES_AGGRESSIVE;
				GCC_WARN_UNUSED_FUNCTION = YES;
				GCC_WARN_UNUSED_VARIABLE = YES;
				IPHONEOS_DEPLOYMENT_TARGET = 16.0;
				MACOSX_DEPLOYMENT_TARGET = 12.4;
				MTL_ENABLE_DEBUG_INFO = NO;
				MTL_FAST_MATH = YES;
				SWIFT_COMPILATION_MODE = wholemodule;
				SWIFT_OPTIMIZATION_LEVEL = "-O";
			};
			name = Release;
		};
		B57014FB289FD5DF00B17EA4 /* Debug */ = {
			isa = XCBuildConfiguration;
			buildSettings = {
				ASSETCATALOG_COMPILER_APPICON_NAME = AppIcon;
				ASSETCATALOG_COMPILER_GLOBAL_ACCENT_COLOR_NAME = AccentColor;
				CODE_SIGN_ENTITLEMENTS = TimeTracker/TimeTracker.entitlements;
				CODE_SIGN_STYLE = Automatic;
				CURRENT_PROJECT_VERSION = 1;
				DEVELOPMENT_ASSET_PATHS = "\"TimeTracker/Preview Content\"";
				ENABLE_PREVIEWS = YES;
				GENERATE_INFOPLIST_FILE = YES;
				"INFOPLIST_KEY_UIApplicationSceneManifest_Generation[sdk=iphoneos*]" = YES;
				"INFOPLIST_KEY_UIApplicationSceneManifest_Generation[sdk=iphonesimulator*]" = YES;
				"INFOPLIST_KEY_UIApplicationSupportsIndirectInputEvents[sdk=iphoneos*]" = YES;
				"INFOPLIST_KEY_UIApplicationSupportsIndirectInputEvents[sdk=iphonesimulator*]" = YES;
				"INFOPLIST_KEY_UILaunchScreen_Generation[sdk=iphoneos*]" = YES;
				"INFOPLIST_KEY_UILaunchScreen_Generation[sdk=iphonesimulator*]" = YES;
				"INFOPLIST_KEY_UIStatusBarStyle[sdk=iphoneos*]" = UIStatusBarStyleDefault;
				"INFOPLIST_KEY_UIStatusBarStyle[sdk=iphonesimulator*]" = UIStatusBarStyleDefault;
				INFOPLIST_KEY_UISupportedInterfaceOrientations_iPad = "UIInterfaceOrientationPortrait UIInterfaceOrientationPortraitUpsideDown UIInterfaceOrientationLandscapeLeft UIInterfaceOrientationLandscapeRight";
				INFOPLIST_KEY_UISupportedInterfaceOrientations_iPhone = "UIInterfaceOrientationPortrait UIInterfaceOrientationLandscapeLeft UIInterfaceOrientationLandscapeRight";
				IPHONEOS_DEPLOYMENT_TARGET = 16.0;
				LD_RUNPATH_SEARCH_PATHS = "@executable_path/Frameworks";
				"LD_RUNPATH_SEARCH_PATHS[sdk=macosx*]" = "@executable_path/../Frameworks";
				MACOSX_DEPLOYMENT_TARGET = 12.4;
				MARKETING_VERSION = 1.0;
				PRODUCT_BUNDLE_IDENTIFIER = com.mathildeferrand.TimeTracker;
				PRODUCT_NAME = "$(TARGET_NAME)";
				SDKROOT = auto;
				SUPPORTED_PLATFORMS = "iphoneos iphonesimulator macosx";
				SWIFT_EMIT_LOC_STRINGS = YES;
				SWIFT_VERSION = 5.0;
				TARGETED_DEVICE_FAMILY = "1,2";
			};
			name = Debug;
		};
		B57014FC289FD5DF00B17EA4 /* Release */ = {
			isa = XCBuildConfiguration;
			buildSettings = {
				ASSETCATALOG_COMPILER_APPICON_NAME = AppIcon;
				ASSETCATALOG_COMPILER_GLOBAL_ACCENT_COLOR_NAME = AccentColor;
				CODE_SIGN_ENTITLEMENTS = TimeTracker/TimeTracker.entitlements;
				CODE_SIGN_STYLE = Automatic;
				CURRENT_PROJECT_VERSION = 1;
				DEVELOPMENT_ASSET_PATHS = "\"TimeTracker/Preview Content\"";
				ENABLE_PREVIEWS = YES;
				GENERATE_INFOPLIST_FILE = YES;
				"INFOPLIST_KEY_UIApplicationSceneManifest_Generation[sdk=iphoneos*]" = YES;
				"INFOPLIST_KEY_UIApplicationSceneManifest_Generation[sdk=iphonesimulator*]" = YES;
				"INFOPLIST_KEY_UIApplicationSupportsIndirectInputEvents[sdk=iphoneos*]" = YES;
				"INFOPLIST_KEY_UIApplicationSupportsIndirectInputEvents[sdk=iphonesimulator*]" = YES;
				"INFOPLIST_KEY_UILaunchScreen_Generation[sdk=iphoneos*]" = YES;
				"INFOPLIST_KEY_UILaunchScreen_Generation[sdk=iphonesimulator*]" = YES;
				"INFOPLIST_KEY_UIStatusBarStyle[sdk=iphoneos*]" = UIStatusBarStyleDefault;
				"INFOPLIST_KEY_UIStatusBarStyle[sdk=iphonesimulator*]" = UIStatusBarStyleDefault;
				INFOPLIST_KEY_UISupportedInterfaceOrientations_iPad = "UIInterfaceOrientationPortrait UIInterfaceOrientationPortraitUpsideDown UIInterfaceOrientationLandscapeLeft UIInterfaceOrientationLandscapeRight";
				INFOPLIST_KEY_UISupportedInterfaceOrientations_iPhone = "UIInterfaceOrientationPortrait UIInterfaceOrientationLandscapeLeft UIInterfaceOrientationLandscapeRight";
				IPHONEOS_DEPLOYMENT_TARGET = 16.0;
				LD_RUNPATH_SEARCH_PATHS = "@executable_path/Frameworks";
				"LD_RUNPATH_SEARCH_PATHS[sdk=macosx*]" = "@executable_path/../Frameworks";
				MACOSX_DEPLOYMENT_TARGET = 12.4;
				MARKETING_VERSION = 1.0;
				PRODUCT_BUNDLE_IDENTIFIER = com.mathildeferrand.TimeTracker;
				PRODUCT_NAME = "$(TARGET_NAME)";
				SDKROOT = auto;
				SUPPORTED_PLATFORMS = "iphoneos iphonesimulator macosx";
				SWIFT_EMIT_LOC_STRINGS = YES;
				SWIFT_VERSION = 5.0;
				TARGETED_DEVICE_FAMILY = "1,2";
			};
			name = Release;
		};
		B57014FE289FD5DF00B17EA4 /* Debug */ = {
			isa = XCBuildConfiguration;
			buildSettings = {
				ALWAYS_EMBED_SWIFT_STANDARD_LIBRARIES = YES;
				BUNDLE_LOADER = "$(TEST_HOST)";
				CODE_SIGN_STYLE = Automatic;
				CURRENT_PROJECT_VERSION = 1;
				GENERATE_INFOPLIST_FILE = YES;
				IPHONEOS_DEPLOYMENT_TARGET = 16.0;
				MACOSX_DEPLOYMENT_TARGET = 12.5;
				MARKETING_VERSION = 1.0;
				PRODUCT_BUNDLE_IDENTIFIER = com.mathildeferrand.TimeTrackerTests;
				PRODUCT_NAME = "$(TARGET_NAME)";
				SDKROOT = auto;
				SUPPORTED_PLATFORMS = "iphoneos iphonesimulator macosx";
				SWIFT_EMIT_LOC_STRINGS = NO;
				SWIFT_VERSION = 5.0;
				TARGETED_DEVICE_FAMILY = "1,2";
				TEST_HOST = "$(BUILT_PRODUCTS_DIR)/TimeTracker.app/$(BUNDLE_EXECUTABLE_FOLDER_PATH)/TimeTracker";
			};
			name = Debug;
		};
		B57014FF289FD5DF00B17EA4 /* Release */ = {
			isa = XCBuildConfiguration;
			buildSettings = {
				ALWAYS_EMBED_SWIFT_STANDARD_LIBRARIES = YES;
				BUNDLE_LOADER = "$(TEST_HOST)";
				CODE_SIGN_STYLE = Automatic;
				CURRENT_PROJECT_VERSION = 1;
				GENERATE_INFOPLIST_FILE = YES;
				IPHONEOS_DEPLOYMENT_TARGET = 16.0;
				MACOSX_DEPLOYMENT_TARGET = 12.5;
				MARKETING_VERSION = 1.0;
				PRODUCT_BUNDLE_IDENTIFIER = com.mathildeferrand.TimeTrackerTests;
				PRODUCT_NAME = "$(TARGET_NAME)";
				SDKROOT = auto;
				SUPPORTED_PLATFORMS = "iphoneos iphonesimulator macosx";
				SWIFT_EMIT_LOC_STRINGS = NO;
				SWIFT_VERSION = 5.0;
				TARGETED_DEVICE_FAMILY = "1,2";
				TEST_HOST = "$(BUILT_PRODUCTS_DIR)/TimeTracker.app/$(BUNDLE_EXECUTABLE_FOLDER_PATH)/TimeTracker";
			};
			name = Release;
		};
/* End XCBuildConfiguration section */

/* Begin XCConfigurationList section */
		B57014D0289FD5DE00B17EA4 /* Build configuration list for PBXProject "TimeTracker" */ = {
			isa = XCConfigurationList;
			buildConfigurations = (
				B57014F8289FD5DF00B17EA4 /* Debug */,
				B57014F9289FD5DF00B17EA4 /* Release */,
			);
			defaultConfigurationIsVisible = 0;
			defaultConfigurationName = Release;
		};
		B57014FA289FD5DF00B17EA4 /* Build configuration list for PBXNativeTarget "TimeTracker" */ = {
			isa = XCConfigurationList;
			buildConfigurations = (
				B57014FB289FD5DF00B17EA4 /* Debug */,
				B57014FC289FD5DF00B17EA4 /* Release */,
			);
			defaultConfigurationIsVisible = 0;
			defaultConfigurationName = Release;
		};
		B57014FD289FD5DF00B17EA4 /* Build configuration list for PBXNativeTarget "TimeTrackerTests" */ = {
			isa = XCConfigurationList;
			buildConfigurations = (
				B57014FE289FD5DF00B17EA4 /* Debug */,
				B57014FF289FD5DF00B17EA4 /* Release */,
			);
			defaultConfigurationIsVisible = 0;
			defaultConfigurationName = Release;
		};
/* End XCConfigurationList section */

/* Begin XCSwiftPackageProductDependency section */
		B52BCDC328BD02C000CB8405 /* Categories */ = {
			isa = XCSwiftPackageProductDependency;
			productName = Categories;
		};
		B52BCDC528BD055600CB8405 /* Models */ = {
			isa = XCSwiftPackageProductDependency;
			productName = Models;
		};
		B52BCDC928BD097400CB8405 /* SharedUI */ = {
			isa = XCSwiftPackageProductDependency;
			productName = SharedUI;
		};
		B52BCDCB28BD0CDA00CB8405 /* Schedules */ = {
			isa = XCSwiftPackageProductDependency;
			productName = Schedules;
		};
		B52BCDCD28BD0DE500CB8405 /* Activity */ = {
			isa = XCSwiftPackageProductDependency;
			productName = Activity;
		};
		B52BCDCF28BD13AB00CB8405 /* Extensions */ = {
			isa = XCSwiftPackageProductDependency;
			productName = Extensions;
		};
		B52BCDD128BD18D600CB8405 /* FileManagement */ = {
			isa = XCSwiftPackageProductDependency;
			productName = FileManagement;
		};
/* End XCSwiftPackageProductDependency section */
	};
	rootObject = B57014CD289FD5DE00B17EA4 /* Project object */;
}
